// !$*UTF8*$!
{
	archiveVersion = 1;
	classes = {
	};
	objectVersion = 50;
	objects = {

/* Begin PBXBuildFile section */
		F3748AB0221CF7ED003A4B6C /* AppDelegate.swift in Sources */ = {isa = PBXBuildFile; fileRef = F3748AAF221CF7ED003A4B6C /* AppDelegate.swift */; };
		F3748AB2221CF7ED003A4B6C /* ViewController.swift in Sources */ = {isa = PBXBuildFile; fileRef = F3748AB1221CF7ED003A4B6C /* ViewController.swift */; };
		F3748AB5221CF7ED003A4B6C /* Main.storyboard in Resources */ = {isa = PBXBuildFile; fileRef = F3748AB3221CF7ED003A4B6C /* Main.storyboard */; };
		F3748AB7221CF7EF003A4B6C /* Assets.xcassets in Resources */ = {isa = PBXBuildFile; fileRef = F3748AB6221CF7EF003A4B6C /* Assets.xcassets */; };
		F3748ABA221CF7EF003A4B6C /* LaunchScreen.storyboard in Resources */ = {isa = PBXBuildFile; fileRef = F3748AB8221CF7EF003A4B6C /* LaunchScreen.storyboard */; };
		F3748ADA221CF8D7003A4B6C /* TCTabbarController.swift in Sources */ = {isa = PBXBuildFile; fileRef = F3748AD2221CF872003A4B6C /* TCTabbarController.swift */; };
		F3748ADB221CF8DA003A4B6C /* IELanguageTableViewController.swift in Sources */ = {isa = PBXBuildFile; fileRef = F3748AD3221CF872003A4B6C /* IELanguageTableViewController.swift */; };
		F3748ADC221CF8DE003A4B6C /* TCSearchResultsVC.swift in Sources */ = {isa = PBXBuildFile; fileRef = F3748AD4221CF872003A4B6C /* TCSearchResultsVC.swift */; };
		F3748ADD221CF8E1003A4B6C /* CategoryViewController.swift in Sources */ = {isa = PBXBuildFile; fileRef = F3748AD5221CF872003A4B6C /* CategoryViewController.swift */; };
		F3748ADF221CF8E8003A4B6C /* WordsViewController.swift in Sources */ = {isa = PBXBuildFile; fileRef = F3748AD7221CF872003A4B6C /* WordsViewController.swift */; };
		F3748AE0221CF8EB003A4B6C /* TCNavigationController.swift in Sources */ = {isa = PBXBuildFile; fileRef = F3748AD8221CF872003A4B6C /* TCNavigationController.swift */; };
		F3748AE1221CF8EE003A4B6C /* SettingController.swift in Sources */ = {isa = PBXBuildFile; fileRef = F3748AD9221CF872003A4B6C /* SettingController.swift */; };
		F3748AE2221CF907003A4B6C /* SQLTable.swift in Sources */ = {isa = PBXBuildFile; fileRef = F3748ACC221CF872003A4B6C /* SQLTable.swift */; };
		F3748AE3221CF90A003A4B6C /* SQLiteDB.swift in Sources */ = {isa = PBXBuildFile; fileRef = F3748ACD221CF872003A4B6C /* SQLiteDB.swift */; };
		F3748AE4221CF914003A4B6C /* libBaiduMobStat.a in Frameworks */ = {isa = PBXBuildFile; fileRef = F3748ACF221CF872003A4B6C /* libBaiduMobStat.a */; };
		F3748AE5221CF922003A4B6C /* iEnglish.bundle in Resources */ = {isa = PBXBuildFile; fileRef = F3748AC9221CF872003A4B6C /* iEnglish.bundle */; };
		F3748AE6221CF925003A4B6C /* iEnglish.db3 in Resources */ = {isa = PBXBuildFile; fileRef = F3748AC8221CF872003A4B6C /* iEnglish.db3 */; };
		F3748AE7221CF92A003A4B6C /* ITAboutAppVC.swift in Sources */ = {isa = PBXBuildFile; fileRef = F3748AC2221CF871003A4B6C /* ITAboutAppVC.swift */; };
		F3748AE8221CF930003A4B6C /* ITCommonAPI.swift in Sources */ = {isa = PBXBuildFile; fileRef = F3748AC4221CF871003A4B6C /* ITCommonAPI.swift */; };
		F3748AE9221CF934003A4B6C /* ITAboutAppVC.xib in Resources */ = {isa = PBXBuildFile; fileRef = F3748AC3221CF871003A4B6C /* ITAboutAppVC.xib */; };
		F3748AEA221CF938003A4B6C /* TCUserDefaults.swift in Sources */ = {isa = PBXBuildFile; fileRef = F3748AC5221CF871003A4B6C /* TCUserDefaults.swift */; };
		F3748AEB221CF93B003A4B6C /* TCAppConst.swift in Sources */ = {isa = PBXBuildFile; fileRef = F3748AC6221CF871003A4B6C /* TCAppConst.swift */; };
/* End PBXBuildFile section */

/* Begin PBXFileReference section */
		F3748AAC221CF7ED003A4B6C /* SunshineEnglish.app */ = {isa = PBXFileReference; explicitFileType = wrapper.application; includeInIndex = 0; path = SunshineEnglish.app; sourceTree = BUILT_PRODUCTS_DIR; };
		F3748AAF221CF7ED003A4B6C /* AppDelegate.swift */ = {isa = PBXFileReference; lastKnownFileType = sourcecode.swift; path = AppDelegate.swift; sourceTree = "<group>"; };
		F3748AB1221CF7ED003A4B6C /* ViewController.swift */ = {isa = PBXFileReference; lastKnownFileType = sourcecode.swift; path = ViewController.swift; sourceTree = "<group>"; };
		F3748AB4221CF7ED003A4B6C /* Base */ = {isa = PBXFileReference; lastKnownFileType = file.storyboard; name = Base; path = Base.lproj/Main.storyboard; sourceTree = "<group>"; };
		F3748AB6221CF7EF003A4B6C /* Assets.xcassets */ = {isa = PBXFileReference; lastKnownFileType = folder.assetcatalog; path = Assets.xcassets; sourceTree = "<group>"; };
		F3748AB9221CF7EF003A4B6C /* Base */ = {isa = PBXFileReference; lastKnownFileType = file.storyboard; name = Base; path = Base.lproj/LaunchScreen.storyboard; sourceTree = "<group>"; };
		F3748ABB221CF7EF003A4B6C /* Info.plist */ = {isa = PBXFileReference; lastKnownFileType = text.plist.xml; path = Info.plist; sourceTree = "<group>"; };
		F3748AC2221CF871003A4B6C /* ITAboutAppVC.swift */ = {isa = PBXFileReference; lastKnownFileType = sourcecode.swift; path = ITAboutAppVC.swift; sourceTree = "<group>"; };
		F3748AC3221CF871003A4B6C /* ITAboutAppVC.xib */ = {isa = PBXFileReference; lastKnownFileType = file.xib; path = ITAboutAppVC.xib; sourceTree = "<group>"; };
		F3748AC4221CF871003A4B6C /* ITCommonAPI.swift */ = {isa = PBXFileReference; lastKnownFileType = sourcecode.swift; path = ITCommonAPI.swift; sourceTree = "<group>"; };
		F3748AC5221CF871003A4B6C /* TCUserDefaults.swift */ = {isa = PBXFileReference; lastKnownFileType = sourcecode.swift; path = TCUserDefaults.swift; sourceTree = "<group>"; };
		F3748AC6221CF871003A4B6C /* TCAppConst.swift */ = {isa = PBXFileReference; lastKnownFileType = sourcecode.swift; path = TCAppConst.swift; sourceTree = "<group>"; };
		F3748AC8221CF872003A4B6C /* iEnglish.db3 */ = {isa = PBXFileReference; lastKnownFileType = file; path = iEnglish.db3; sourceTree = "<group>"; };
		F3748AC9221CF872003A4B6C /* iEnglish.bundle */ = {isa = PBXFileReference; lastKnownFileType = "wrapper.plug-in"; path = iEnglish.bundle; sourceTree = "<group>"; };
		F3748ACC221CF872003A4B6C /* SQLTable.swift */ = {isa = PBXFileReference; lastKnownFileType = sourcecode.swift; path = SQLTable.swift; sourceTree = "<group>"; };
		F3748ACD221CF872003A4B6C /* SQLiteDB.swift */ = {isa = PBXFileReference; lastKnownFileType = sourcecode.swift; path = SQLiteDB.swift; sourceTree = "<group>"; };
		F3748ACF221CF872003A4B6C /* libBaiduMobStat.a */ = {isa = PBXFileReference; lastKnownFileType = archive.ar; path = libBaiduMobStat.a; sourceTree = "<group>"; };
		F3748AD0221CF872003A4B6C /* BaiduMobStat.h */ = {isa = PBXFileReference; lastKnownFileType = sourcecode.c.h; path = BaiduMobStat.h; sourceTree = "<group>"; };
		F3748AD2221CF872003A4B6C /* TCTabbarController.swift */ = {isa = PBXFileReference; lastKnownFileType = sourcecode.swift; path = TCTabbarController.swift; sourceTree = "<group>"; };
		F3748AD3221CF872003A4B6C /* IELanguageTableViewController.swift */ = {isa = PBXFileReference; lastKnownFileType = sourcecode.swift; path = IELanguageTableViewController.swift; sourceTree = "<group>"; };
		F3748AD4221CF872003A4B6C /* TCSearchResultsVC.swift */ = {isa = PBXFileReference; lastKnownFileType = sourcecode.swift; path = TCSearchResultsVC.swift; sourceTree = "<group>"; };
		F3748AD5221CF872003A4B6C /* CategoryViewController.swift */ = {isa = PBXFileReference; lastKnownFileType = sourcecode.swift; path = CategoryViewController.swift; sourceTree = "<group>"; };
		F3748AD7221CF872003A4B6C /* WordsViewController.swift */ = {isa = PBXFileReference; lastKnownFileType = sourcecode.swift; path = WordsViewController.swift; sourceTree = "<group>"; };
		F3748AD8221CF872003A4B6C /* TCNavigationController.swift */ = {isa = PBXFileReference; lastKnownFileType = sourcecode.swift; path = TCNavigationController.swift; sourceTree = "<group>"; };
		F3748AD9221CF872003A4B6C /* SettingController.swift */ = {isa = PBXFileReference; lastKnownFileType = sourcecode.swift; path = SettingController.swift; sourceTree = "<group>"; };
		F3748AEC221CF9F5003A4B6C /* iEnglish-Bridging-Header.h */ = {isa = PBXFileReference; lastKnownFileType = sourcecode.c.h; path = "iEnglish-Bridging-Header.h"; sourceTree = "<group>"; };
/* End PBXFileReference section */

/* Begin PBXFrameworksBuildPhase section */
		F3748AA9221CF7ED003A4B6C /* Frameworks */ = {
			isa = PBXFrameworksBuildPhase;
			buildActionMask = 2147483647;
			files = (
				F3748AE4221CF914003A4B6C /* libBaiduMobStat.a in Frameworks */,
			);
			runOnlyForDeploymentPostprocessing = 0;
		};
/* End PBXFrameworksBuildPhase section */

/* Begin PBXGroup section */
		F3748AA3221CF7ED003A4B6C = {
			isa = PBXGroup;
			children = (
				F3748AAE221CF7ED003A4B6C /* SunshineEnglish */,
				F3748AAD221CF7ED003A4B6C /* Products */,
			);
			sourceTree = "<group>";
		};
		F3748AAD221CF7ED003A4B6C /* Products */ = {
			isa = PBXGroup;
			children = (
				F3748AAC221CF7ED003A4B6C /* SunshineEnglish.app */,
			);
			name = Products;
			sourceTree = "<group>";
		};
		F3748AAE221CF7ED003A4B6C /* SunshineEnglish */ = {
			isa = PBXGroup;
			children = (
				F3748AAF221CF7ED003A4B6C /* AppDelegate.swift */,
				F3748AB1221CF7ED003A4B6C /* ViewController.swift */,
				F3748AEC221CF9F5003A4B6C /* iEnglish-Bridging-Header.h */,
				F3748AB3221CF7ED003A4B6C /* Main.storyboard */,
				F3748AB6221CF7EF003A4B6C /* Assets.xcassets */,
				F3748AC7221CF872003A4B6C /* Resources */,
				F3748AC1221CF871003A4B6C /* TCUtils */,
				F3748ACA221CF872003A4B6C /* Thirdparty */,
				F3748AD1221CF872003A4B6C /* ViewAndController */,
				F3748AB8221CF7EF003A4B6C /* LaunchScreen.storyboard */,
				F3748ABB221CF7EF003A4B6C /* Info.plist */,
			);
			path = SunshineEnglish;
			sourceTree = "<group>";
		};
		F3748AC1221CF871003A4B6C /* TCUtils */ = {
			isa = PBXGroup;
			children = (
				F3748AC2221CF871003A4B6C /* ITAboutAppVC.swift */,
				F3748AC3221CF871003A4B6C /* ITAboutAppVC.xib */,
				F3748AC4221CF871003A4B6C /* ITCommonAPI.swift */,
				F3748AC5221CF871003A4B6C /* TCUserDefaults.swift */,
				F3748AC6221CF871003A4B6C /* TCAppConst.swift */,
			);
			path = TCUtils;
			sourceTree = "<group>";
		};
		F3748AC7221CF872003A4B6C /* Resources */ = {
			isa = PBXGroup;
			children = (
				F3748AC8221CF872003A4B6C /* iEnglish.db3 */,
				F3748AC9221CF872003A4B6C /* iEnglish.bundle */,
			);
			path = Resources;
			sourceTree = "<group>";
		};
		F3748ACA221CF872003A4B6C /* Thirdparty */ = {
			isa = PBXGroup;
			children = (
				F3748ACB221CF872003A4B6C /* SQLiteDB-Swift */,
				F3748ACE221CF872003A4B6C /* baidu_ios_api */,
			);
			path = Thirdparty;
			sourceTree = "<group>";
		};
		F3748ACB221CF872003A4B6C /* SQLiteDB-Swift */ = {
			isa = PBXGroup;
			children = (
				F3748ACC221CF872003A4B6C /* SQLTable.swift */,
				F3748ACD221CF872003A4B6C /* SQLiteDB.swift */,
			);
			path = "SQLiteDB-Swift";
			sourceTree = "<group>";
		};
		F3748ACE221CF872003A4B6C /* baidu_ios_api */ = {
			isa = PBXGroup;
			children = (
				F3748ACF221CF872003A4B6C /* libBaiduMobStat.a */,
				F3748AD0221CF872003A4B6C /* BaiduMobStat.h */,
			);
			path = baidu_ios_api;
			sourceTree = "<group>";
		};
		F3748AD1221CF872003A4B6C /* ViewAndController */ = {
			isa = PBXGroup;
			children = (
				F3748AD2221CF872003A4B6C /* TCTabbarController.swift */,
				F3748AD3221CF872003A4B6C /* IELanguageTableViewController.swift */,
				F3748AD4221CF872003A4B6C /* TCSearchResultsVC.swift */,
				F3748AD5221CF872003A4B6C /* CategoryViewController.swift */,
				F3748AD7221CF872003A4B6C /* WordsViewController.swift */,
				F3748AD8221CF872003A4B6C /* TCNavigationController.swift */,
				F3748AD9221CF872003A4B6C /* SettingController.swift */,
			);
			path = ViewAndController;
			sourceTree = "<group>";
		};
/* End PBXGroup section */

/* Begin PBXNativeTarget section */
		F3748AAB221CF7ED003A4B6C /* SunshineEnglish */ = {
			isa = PBXNativeTarget;
			buildConfigurationList = F3748ABE221CF7EF003A4B6C /* Build configuration list for PBXNativeTarget "SunshineEnglish" */;
			buildPhases = (
				F3748AA8221CF7ED003A4B6C /* Sources */,
				F3748AA9221CF7ED003A4B6C /* Frameworks */,
				F3748AAA221CF7ED003A4B6C /* Resources */,
			);
			buildRules = (
			);
			dependencies = (
			);
			name = SunshineEnglish;
			productName = SunshineEnglish;
			productReference = F3748AAC221CF7ED003A4B6C /* SunshineEnglish.app */;
			productType = "com.apple.product-type.application";
		};
/* End PBXNativeTarget section */

/* Begin PBXProject section */
		F3748AA4221CF7ED003A4B6C /* Project object */ = {
			isa = PBXProject;
			attributes = {
				LastSwiftUpdateCheck = 1010;
				LastUpgradeCheck = 1010;
				ORGANIZATIONNAME = Winston;
				TargetAttributes = {
					F3748AAB221CF7ED003A4B6C = {
						CreatedOnToolsVersion = 10.1;
					};
				};
			};
			buildConfigurationList = F3748AA7221CF7ED003A4B6C /* Build configuration list for PBXProject "SunshineEnglish" */;
			compatibilityVersion = "Xcode 9.3";
			developmentRegion = en;
			hasScannedForEncodings = 0;
			knownRegions = (
				en,
				Base,
			);
			mainGroup = F3748AA3221CF7ED003A4B6C;
			productRefGroup = F3748AAD221CF7ED003A4B6C /* Products */;
			projectDirPath = "";
			projectRoot = "";
			targets = (
				F3748AAB221CF7ED003A4B6C /* SunshineEnglish */,
			);
		};
/* End PBXProject section */

/* Begin PBXResourcesBuildPhase section */
		F3748AAA221CF7ED003A4B6C /* Resources */ = {
			isa = PBXResourcesBuildPhase;
			buildActionMask = 2147483647;
			files = (
				F3748ABA221CF7EF003A4B6C /* LaunchScreen.storyboard in Resources */,
				F3748AE9221CF934003A4B6C /* ITAboutAppVC.xib in Resources */,
				F3748AE6221CF925003A4B6C /* iEnglish.db3 in Resources */,
				F3748AB7221CF7EF003A4B6C /* Assets.xcassets in Resources */,
				F3748AE5221CF922003A4B6C /* iEnglish.bundle in Resources */,
				F3748AB5221CF7ED003A4B6C /* Main.storyboard in Resources */,
			);
			runOnlyForDeploymentPostprocessing = 0;
		};
/* End PBXResourcesBuildPhase section */

/* Begin PBXSourcesBuildPhase section */
		F3748AA8221CF7ED003A4B6C /* Sources */ = {
			isa = PBXSourcesBuildPhase;
			buildActionMask = 2147483647;
			files = (
				F3748AE1221CF8EE003A4B6C /* SettingController.swift in Sources */,
				F3748AE0221CF8EB003A4B6C /* TCNavigationController.swift in Sources */,
				F3748AB2221CF7ED003A4B6C /* ViewController.swift in Sources */,
				F3748AB0221CF7ED003A4B6C /* AppDelegate.swift in Sources */,
				F3748ADF221CF8E8003A4B6C /* WordsViewController.swift in Sources */,
				F3748ADC221CF8DE003A4B6C /* TCSearchResultsVC.swift in Sources */,
				F3748AE8221CF930003A4B6C /* ITCommonAPI.swift in Sources */,
				F3748ADA221CF8D7003A4B6C /* TCTabbarController.swift in Sources */,
				F3748AE7221CF92A003A4B6C /* ITAboutAppVC.swift in Sources */,
				F3748AEB221CF93B003A4B6C /* TCAppConst.swift in Sources */,
				F3748ADD221CF8E1003A4B6C /* CategoryViewController.swift in Sources */,
				F3748AE3221CF90A003A4B6C /* SQLiteDB.swift in Sources */,
				F3748AEA221CF938003A4B6C /* TCUserDefaults.swift in Sources */,
				F3748AE2221CF907003A4B6C /* SQLTable.swift in Sources */,
				F3748ADB221CF8DA003A4B6C /* IELanguageTableViewController.swift in Sources */,
			);
			runOnlyForDeploymentPostprocessing = 0;
		};
/* End PBXSourcesBuildPhase section */

/* Begin PBXVariantGroup section */
		F3748AB3221CF7ED003A4B6C /* Main.storyboard */ = {
			isa = PBXVariantGroup;
			children = (
				F3748AB4221CF7ED003A4B6C /* Base */,
			);
			name = Main.storyboard;
			sourceTree = "<group>";
		};
		F3748AB8221CF7EF003A4B6C /* LaunchScreen.storyboard */ = {
			isa = PBXVariantGroup;
			children = (
				F3748AB9221CF7EF003A4B6C /* Base */,
			);
			name = LaunchScreen.storyboard;
			sourceTree = "<group>";
		};
/* End PBXVariantGroup section */

/* Begin XCBuildConfiguration section */
		F3748ABC221CF7EF003A4B6C /* Debug */ = {
			isa = XCBuildConfiguration;
			buildSettings = {
				ALWAYS_SEARCH_USER_PATHS = NO;
				CLANG_ANALYZER_NONNULL = YES;
				CLANG_ANALYZER_NUMBER_OBJECT_CONVERSION = YES_AGGRESSIVE;
				CLANG_CXX_LANGUAGE_STANDARD = "gnu++14";
				CLANG_CXX_LIBRARY = "libc++";
				CLANG_ENABLE_MODULES = YES;
				CLANG_ENABLE_OBJC_ARC = YES;
				CLANG_ENABLE_OBJC_WEAK = YES;
				CLANG_WARN_BLOCK_CAPTURE_AUTORELEASING = YES;
				CLANG_WARN_BOOL_CONVERSION = YES;
				CLANG_WARN_COMMA = YES;
				CLANG_WARN_CONSTANT_CONVERSION = YES;
				CLANG_WARN_DEPRECATED_OBJC_IMPLEMENTATIONS = YES;
				CLANG_WARN_DIRECT_OBJC_ISA_USAGE = YES_ERROR;
				CLANG_WARN_DOCUMENTATION_COMMENTS = YES;
				CLANG_WARN_EMPTY_BODY = YES;
				CLANG_WARN_ENUM_CONVERSION = YES;
				CLANG_WARN_INFINITE_RECURSION = YES;
				CLANG_WARN_INT_CONVERSION = YES;
				CLANG_WARN_NON_LITERAL_NULL_CONVERSION = YES;
				CLANG_WARN_OBJC_IMPLICIT_RETAIN_SELF = YES;
				CLANG_WARN_OBJC_LITERAL_CONVERSION = YES;
				CLANG_WARN_OBJC_ROOT_CLASS = YES_ERROR;
				CLANG_WARN_RANGE_LOOP_ANALYSIS = YES;
				CLANG_WARN_STRICT_PROTOTYPES = YES;
				CLANG_WARN_SUSPICIOUS_MOVE = YES;
				CLANG_WARN_UNGUARDED_AVAILABILITY = YES_AGGRESSIVE;
				CLANG_WARN_UNREACHABLE_CODE = YES;
				CLANG_WARN__DUPLICATE_METHOD_MATCH = YES;
				CODE_SIGN_IDENTITY = "iPhone Developer";
				COPY_PHASE_STRIP = NO;
				DEBUG_INFORMATION_FORMAT = dwarf;
				ENABLE_STRICT_OBJC_MSGSEND = YES;
				ENABLE_TESTABILITY = YES;
				GCC_C_LANGUAGE_STANDARD = gnu11;
				GCC_DYNAMIC_NO_PIC = NO;
				GCC_NO_COMMON_BLOCKS = YES;
				GCC_OPTIMIZATION_LEVEL = 0;
				GCC_PREPROCESSOR_DEFINITIONS = (
					"DEBUG=1",
					"$(inherited)",
				);
				GCC_WARN_64_TO_32_BIT_CONVERSION = YES;
				GCC_WARN_ABOUT_RETURN_TYPE = YES_ERROR;
				GCC_WARN_UNDECLARED_SELECTOR = YES;
				GCC_WARN_UNINITIALIZED_AUTOS = YES_AGGRESSIVE;
				GCC_WARN_UNUSED_FUNCTION = YES;
				GCC_WARN_UNUSED_VARIABLE = YES;
				IPHONEOS_DEPLOYMENT_TARGET = 12.1;
				MTL_ENABLE_DEBUG_INFO = INCLUDE_SOURCE;
				MTL_FAST_MATH = YES;
				ONLY_ACTIVE_ARCH = YES;
				SDKROOT = iphoneos;
				SWIFT_ACTIVE_COMPILATION_CONDITIONS = DEBUG;
				SWIFT_OPTIMIZATION_LEVEL = "-Onone";
			};
			name = Debug;
		};
		F3748ABD221CF7EF003A4B6C /* Release */ = {
			isa = XCBuildConfiguration;
			buildSettings = {
				ALWAYS_SEARCH_USER_PATHS = NO;
				CLANG_ANALYZER_NONNULL = YES;
				CLANG_ANALYZER_NUMBER_OBJECT_CONVERSION = YES_AGGRESSIVE;
				CLANG_CXX_LANGUAGE_STANDARD = "gnu++14";
				CLANG_CXX_LIBRARY = "libc++";
				CLANG_ENABLE_MODULES = YES;
				CLANG_ENABLE_OBJC_ARC = YES;
				CLANG_ENABLE_OBJC_WEAK = YES;
				CLANG_WARN_BLOCK_CAPTURE_AUTORELEASING = YES;
				CLANG_WARN_BOOL_CONVERSION = YES;
				CLANG_WARN_COMMA = YES;
				CLANG_WARN_CONSTANT_CONVERSION = YES;
				CLANG_WARN_DEPRECATED_OBJC_IMPLEMENTATIONS = YES;
				CLANG_WARN_DIRECT_OBJC_ISA_USAGE = YES_ERROR;
				CLANG_WARN_DOCUMENTATION_COMMENTS = YES;
				CLANG_WARN_EMPTY_BODY = YES;
				CLANG_WARN_ENUM_CONVERSION = YES;
				CLANG_WARN_INFINITE_RECURSION = YES;
				CLANG_WARN_INT_CONVERSION = YES;
				CLANG_WARN_NON_LITERAL_NULL_CONVERSION = YES;
				CLANG_WARN_OBJC_IMPLICIT_RETAIN_SELF = YES;
				CLANG_WARN_OBJC_LITERAL_CONVERSION = YES;
				CLANG_WARN_OBJC_ROOT_CLASS = YES_ERROR;
				CLANG_WARN_RANGE_LOOP_ANALYSIS = YES;
				CLANG_WARN_STRICT_PROTOTYPES = YES;
				CLANG_WARN_SUSPICIOUS_MOVE = YES;
				CLANG_WARN_UNGUARDED_AVAILABILITY = YES_AGGRESSIVE;
				CLANG_WARN_UNREACHABLE_CODE = YES;
				CLANG_WARN__DUPLICATE_METHOD_MATCH = YES;
				CODE_SIGN_IDENTITY = "iPhone Developer";
				COPY_PHASE_STRIP = NO;
				DEBUG_INFORMATION_FORMAT = "dwarf-with-dsym";
				ENABLE_NS_ASSERTIONS = NO;
				ENABLE_STRICT_OBJC_MSGSEND = YES;
				GCC_C_LANGUAGE_STANDARD = gnu11;
				GCC_NO_COMMON_BLOCKS = YES;
				GCC_WARN_64_TO_32_BIT_CONVERSION = YES;
				GCC_WARN_ABOUT_RETURN_TYPE = YES_ERROR;
				GCC_WARN_UNDECLARED_SELECTOR = YES;
				GCC_WARN_UNINITIALIZED_AUTOS = YES_AGGRESSIVE;
				GCC_WARN_UNUSED_FUNCTION = YES;
				GCC_WARN_UNUSED_VARIABLE = YES;
				IPHONEOS_DEPLOYMENT_TARGET = 12.1;
				MTL_ENABLE_DEBUG_INFO = NO;
				MTL_FAST_MATH = YES;
				SDKROOT = iphoneos;
				SWIFT_COMPILATION_MODE = wholemodule;
				SWIFT_OPTIMIZATION_LEVEL = "-O";
				VALIDATE_PRODUCT = YES;
			};
			name = Release;
		};
		F3748ABF221CF7EF003A4B6C /* Debug */ = {
			isa = XCBuildConfiguration;
			buildSettings = {
				ASSETCATALOG_COMPILER_APPICON_NAME = AppIcon;
				CODE_SIGN_STYLE = Automatic;
				DEVELOPMENT_TEAM = 4PGZU33K39;
				INFOPLIST_FILE = SunshineEnglish/Info.plist;
				LD_RUNPATH_SEARCH_PATHS = (
					"$(inherited)",
					"@executable_path/Frameworks",
				);
				LIBRARY_SEARCH_PATHS = (
					"$(inherited)",
					"$(PROJECT_DIR)/SunshineEnglish/Thirdparty/baidu_ios_api",
				);
				PRODUCT_BUNDLE_IDENTIFIER = winston.SunshineEnglish;
				PRODUCT_NAME = "$(TARGET_NAME)";
				SWIFT_OBJC_BRIDGING_HEADER = "$(PRODUCT_NAME)/iEnglish-Bridging-Header.h";
				SWIFT_VERSION = 4.2;
				TARGETED_DEVICE_FAMILY = "1,2";
			};
			name = Debug;
		};
		F3748AC0221CF7EF003A4B6C /* Release */ = {
			isa = XCBuildConfiguration;
			buildSettings = {
				ASSETCATALOG_COMPILER_APPICON_NAME = AppIcon;
				CODE_SIGN_STYLE = Automatic;
				DEVELOPMENT_TEAM = 4PGZU33K39;
				INFOPLIST_FILE = SunshineEnglish/Info.plist;
				LD_RUNPATH_SEARCH_PATHS = (
					"$(inherited)",
					"@executable_path/Frameworks",
				);
				LIBRARY_SEARCH_PATHS = (
					"$(inherited)",
					"$(PROJECT_DIR)/SunshineEnglish/Thirdparty/baidu_ios_api",
				);
				PRODUCT_BUNDLE_IDENTIFIER = winston.SunshineEnglish;
				PRODUCT_NAME = "$(TARGET_NAME)";
				SWIFT_OBJC_BRIDGING_HEADER = "$(PRODUCT_NAME)/iEnglish-Bridging-Header.h";
				SWIFT_VERSION = 4.2;
				TARGETED_DEVICE_FAMILY = "1,2";
			};
			name = Release;
		};
/* End XCBuildConfiguration section */

/* Begin XCConfigurationList section */
		F3748AA7221CF7ED003A4B6C /* Build configuration list for PBXProject "SunshineEnglish" */ = {
			isa = XCConfigurationList;
			buildConfigurations = (
				F3748ABC221CF7EF003A4B6C /* Debug */,
				F3748ABD221CF7EF003A4B6C /* Release */,
			);
			defaultConfigurationIsVisible = 0;
			defaultConfigurationName = Release;
		};
		F3748ABE221CF7EF003A4B6C /* Build configuration list for PBXNativeTarget "SunshineEnglish" */ = {
			isa = XCConfigurationList;
			buildConfigurations = (
				F3748ABF221CF7EF003A4B6C /* Debug */,
				F3748AC0221CF7EF003A4B6C /* Release */,
			);
			defaultConfigurationIsVisible = 0;
			defaultConfigurationName = Release;
		};
/* End XCConfigurationList section */
	};
	rootObject = F3748AA4221CF7ED003A4B6C /* Project object */;
}
